
Microsoft Visual Studio Solution File, Format Version 12.00
# Visual Studio Version 16
VisualStudioVersion = 16.0.30523.141
MinimumVisualStudioVersion = 10.0.40219.1
Project("{FAE04EC0-301F-11D3-BF4B-00C04F79EFBC}") = "MohTest1Project", "MohTest1Project\MohTest1Project.csproj", "{3FDC32B8-FDE1-42A8-8DF9-A7C67F61B81E}"
EndProject
Global
	GlobalSection(SolutionConfigurationPlatforms) = preSolution
		Debug|Any CPU = Debug|Any CPU
		Release|Any CPU = Release|Any CPU
	EndGlobalSection
	GlobalSection(ProjectConfigurationPlatforms) = postSolution
		{3FDC32B8-FDE1-42A8-8DF9-A7C67F61B81E}.Debug|Any CPU.ActiveCfg = Debug|Any CPU
		{3FDC32B8-FDE1-42A8-8DF9-A7C67F61B81E}.Debug|Any CPU.Build.0 = Debug|Any CPU
		{3FDC32B8-FDE1-42A8-8DF9-A7C67F61B81E}.Release|Any CPU.ActiveCfg = Release|Any CPU
		{3FDC32B8-FDE1-42A8-8DF9-A7C67F61B81E}.Release|Any CPU.Build.0 = Release|Any CPU
	EndGlobalSection
	GlobalSection(SolutionProperties) = preSolution
		HideSolutionNode = FALSE
	EndGlobalSection
	GlobalSection(ExtensibilityGlobals) = postSolution
		SolutionGuid = {1F0D79F8-0F01-41B8-A2B2-1D563D2D9A9C}
	EndGlobalSection
EndGlobal
